
Microsoft Visual Studio Solution File, Format Version 12.00
# Visual Studio Version 17
VisualStudioVersion = 17.9.34728.123
MinimumVisualStudioVersion = 10.0.40219.1
Project("{9A19103F-16F7-4668-BE54-9A1E7A4F7556}") = "StudentManagement", "StudentManagement\StudentManagement\StudentManagement.csproj", "{C88B8728-5919-4412-A298-113FB937781C}"
EndProject
Project("{9A19103F-16F7-4668-BE54-9A1E7A4F7556}") = "StudentManagement.Client", "StudentManagement\StudentManagement.Client\StudentManagement.Client.csproj", "{D2AC4341-2DB7-498C-BE52-86F05746B42C}"
EndProject
Project("{FAE04EC0-301F-11D3-BF4B-00C04F79EFBC}") = "StudentManagement.Shared", "StudentManagement.Shared\StudentManagement.Shared.csproj", "{87A5EF87-708D-494E-BD71-D4C6B686D4C6}"
EndProject
Global
	GlobalSection(SolutionConfigurationPlatforms) = preSolution
		Debug|Any CPU = Debug|Any CPU
		Release|Any CPU = Release|Any CPU
	EndGlobalSection
	GlobalSection(ProjectConfigurationPlatforms) = postSolution
		{C88B8728-5919-4412-A298-113FB937781C}.Debug|Any CPU.ActiveCfg = Debug|Any CPU
		{C88B8728-5919-4412-A298-113FB937781C}.Debug|Any CPU.Build.0 = Debug|Any CPU
		{C88B8728-5919-4412-A298-113FB937781C}.Release|Any CPU.ActiveCfg = Release|Any CPU
		{C88B8728-5919-4412-A298-113FB937781C}.Release|Any CPU.Build.0 = Release|Any CPU
		{D2AC4341-2DB7-498C-BE52-86F05746B42C}.Debug|Any CPU.ActiveCfg = Debug|Any CPU
		{D2AC4341-2DB7-498C-BE52-86F05746B42C}.Debug|Any CPU.Build.0 = Debug|Any CPU
		{D2AC4341-2DB7-498C-BE52-86F05746B42C}.Release|Any CPU.ActiveCfg = Release|Any CPU
		{D2AC4341-2DB7-498C-BE52-86F05746B42C}.Release|Any CPU.Build.0 = Release|Any CPU
		{87A5EF87-708D-494E-BD71-D4C6B686D4C6}.Debug|Any CPU.ActiveCfg = Debug|Any CPU
		{87A5EF87-708D-494E-BD71-D4C6B686D4C6}.Debug|Any CPU.Build.0 = Debug|Any CPU
		{87A5EF87-708D-494E-BD71-D4C6B686D4C6}.Release|Any CPU.ActiveCfg = Release|Any CPU
		{87A5EF87-708D-494E-BD71-D4C6B686D4C6}.Release|Any CPU.Build.0 = Release|Any CPU
	EndGlobalSection
	GlobalSection(SolutionProperties) = preSolution
		HideSolutionNode = FALSE
	EndGlobalSection
	GlobalSection(ExtensibilityGlobals) = postSolution
		SolutionGuid = {DBD191C3-D533-48C9-B17B-ECB1400C78CC}
	EndGlobalSection
EndGlobal
